
Microsoft Visual Studio Solution File, Format Version 12.00
# Visual Studio Version 16
VisualStudioVersion = 16.0.32126.315
MinimumVisualStudioVersion = 10.0.40219.1
Project("{FAE04EC0-301F-11D3-BF4B-00C04F79EFBC}") = "AssetManagementUI.UI", "AssetManagementUI.UI\AssetManagementUI.UI.csproj", "{07F4CF5B-26FE-4AE1-B709-56338FB0A547}"
EndProject
Global
	GlobalSection(SolutionConfigurationPlatforms) = preSolution
		Debug|Any CPU = Debug|Any CPU
		Release|Any CPU = Release|Any CPU
	EndGlobalSection
	GlobalSection(ProjectConfigurationPlatforms) = postSolution
		{07F4CF5B-26FE-4AE1-B709-56338FB0A547}.Debug|Any CPU.ActiveCfg = Debug|Any CPU
		{07F4CF5B-26FE-4AE1-B709-56338FB0A547}.Debug|Any CPU.Build.0 = Debug|Any CPU
		{07F4CF5B-26FE-4AE1-B709-56338FB0A547}.Release|Any CPU.ActiveCfg = Release|Any CPU
		{07F4CF5B-26FE-4AE1-B709-56338FB0A547}.Release|Any CPU.Build.0 = Release|Any CPU
	EndGlobalSection
	GlobalSection(SolutionProperties) = preSolution
		HideSolutionNode = FALSE
	EndGlobalSection
	GlobalSection(ExtensibilityGlobals) = postSolution
		SolutionGuid = {9FC3D059-C5B8-4331-BF76-2219A6AF9F80}
	EndGlobalSection
EndGlobal
